
Microsoft Visual Studio Solution File, Format Version 12.00
# Visual Studio Version 17
VisualStudioVersion = 17.7.34024.191
MinimumVisualStudioVersion = 10.0.40219.1
Project("{FAE04EC0-301F-11D3-BF4B-00C04F79EFBC}") = "AMAC", "AMAC\AMAC.csproj", "{6CCCDBB2-2573-4D45-A980-F64F4DBC9B72}"
EndProject
Project("{FAE04EC0-301F-11D3-BF4B-00C04F79EFBC}") = "DbManagementAMAC", "DbManagmentAMAC\DbManagementAMAC.csproj", "{E7CBAFE9-8031-47F1-BB98-96300E9C944E}"
EndProject
Global
	GlobalSection(SolutionConfigurationPlatforms) = preSolution
		Debug|Any CPU = Debug|Any CPU
		Release|Any CPU = Release|Any CPU
	EndGlobalSection
	GlobalSection(ProjectConfigurationPlatforms) = postSolution
		{6CCCDBB2-2573-4D45-A980-F64F4DBC9B72}.Debug|Any CPU.ActiveCfg = Debug|Any CPU
		{6CCCDBB2-2573-4D45-A980-F64F4DBC9B72}.Debug|Any CPU.Build.0 = Debug|Any CPU
		{6CCCDBB2-2573-4D45-A980-F64F4DBC9B72}.Release|Any CPU.ActiveCfg = Release|Any CPU
		{6CCCDBB2-2573-4D45-A980-F64F4DBC9B72}.Release|Any CPU.Build.0 = Release|Any CPU
		{E7CBAFE9-8031-47F1-BB98-96300E9C944E}.Debug|Any CPU.ActiveCfg = Debug|Any CPU
		{E7CBAFE9-8031-47F1-BB98-96300E9C944E}.Debug|Any CPU.Build.0 = Debug|Any CPU
		{E7CBAFE9-8031-47F1-BB98-96300E9C944E}.Release|Any CPU.ActiveCfg = Release|Any CPU
		{E7CBAFE9-8031-47F1-BB98-96300E9C944E}.Release|Any CPU.Build.0 = Release|Any CPU
	EndGlobalSection
	GlobalSection(SolutionProperties) = preSolution
		HideSolutionNode = FALSE
	EndGlobalSection
	GlobalSection(ExtensibilityGlobals) = postSolution
		SolutionGuid = {364C3FE2-CB3B-4B61-B127-1829BEFFC87D}
	EndGlobalSection
EndGlobal
